// !$*UTF8*$!
{
	archiveVersion = 1;
	classes = {
	};
	objectVersion = 46;
	objects = {

/* Begin PBXBuildFile section */
		11C44CAA1E76FB38000ECEF0 /* main.m in Sources */ = {isa = PBXBuildFile; fileRef = 11C44CA91E76FB38000ECEF0 /* main.m */; };
		11C44CAD1E76FB38000ECEF0 /* AppDelegate.m in Sources */ = {isa = PBXBuildFile; fileRef = 11C44CAC1E76FB38000ECEF0 /* AppDelegate.m */; };
		11C44CB31E76FB38000ECEF0 /* Main.storyboard in Resources */ = {isa = PBXBuildFile; fileRef = 11C44CB11E76FB38000ECEF0 /* Main.storyboard */; };
		11C44CB61E76FB38000ECEF0 /* GithubUsersInfo.xcdatamodeld in Sources */ = {isa = PBXBuildFile; fileRef = 11C44CB41E76FB38000ECEF0 /* GithubUsersInfo.xcdatamodeld */; };
		11C44CB81E76FB38000ECEF0 /* Assets.xcassets in Resources */ = {isa = PBXBuildFile; fileRef = 11C44CB71E76FB38000ECEF0 /* Assets.xcassets */; };
		11C44CBB1E76FB38000ECEF0 /* LaunchScreen.storyboard in Resources */ = {isa = PBXBuildFile; fileRef = 11C44CB91E76FB38000ECEF0 /* LaunchScreen.storyboard */; };
		11C44CC41E772311000ECEF0 /* UsersTableViewController.m in Sources */ = {isa = PBXBuildFile; fileRef = 11C44CC31E772311000ECEF0 /* UsersTableViewController.m */; };
		11C44CC71E7726DA000ECEF0 /* GithubSessionManager.m in Sources */ = {isa = PBXBuildFile; fileRef = 11C44CC61E7726DA000ECEF0 /* GithubSessionManager.m */; };
		11C44CCA1E77BEF5000ECEF0 /* GithubUser.m in Sources */ = {isa = PBXBuildFile; fileRef = 11C44CC91E77BEF5000ECEF0 /* GithubUser.m */; };
		11C44CCD1E77D1A1000ECEF0 /* UserTableViewCell.m in Sources */ = {isa = PBXBuildFile; fileRef = 11C44CCC1E77D1A1000ECEF0 /* UserTableViewCell.m */; };
		11C44CD01E77ED29000ECEF0 /* UserDescriptionViewController.m in Sources */ = {isa = PBXBuildFile; fileRef = 11C44CCF1E77ED29000ECEF0 /* UserDescriptionViewController.m */; };
		11C44CD31E77FB3D000ECEF0 /* UserRepositoriesTableViewController.m in Sources */ = {isa = PBXBuildFile; fileRef = 11C44CD21E77FB3D000ECEF0 /* UserRepositoriesTableViewController.m */; };
		11C44CD61E781769000ECEF0 /* GithubRepository.m in Sources */ = {isa = PBXBuildFile; fileRef = 11C44CD51E781769000ECEF0 /* GithubRepository.m */; };
		11C44CD91E791DAC000ECEF0 /* UsersSearchTableViewController.m in Sources */ = {isa = PBXBuildFile; fileRef = 11C44CD81E791DAC000ECEF0 /* UsersSearchTableViewController.m */; };
		95F9EEB31828546B47BA3501 /* libPods-GithubUsersInfo.a in Frameworks */ = {isa = PBXBuildFile; fileRef = 24B89B698FAC3F3BDC8D2634 /* libPods-GithubUsersInfo.a */; };
/* End PBXBuildFile section */

/* Begin PBXFileReference section */
		11C44CA51E76FB38000ECEF0 /* GithubUsersInfo.app */ = {isa = PBXFileReference; explicitFileType = wrapper.application; includeInIndex = 0; path = GithubUsersInfo.app; sourceTree = BUILT_PRODUCTS_DIR; };
		11C44CA91E76FB38000ECEF0 /* main.m */ = {isa = PBXFileReference; lastKnownFileType = sourcecode.c.objc; path = main.m; sourceTree = "<group>"; };
		11C44CAB1E76FB38000ECEF0 /* AppDelegate.h */ = {isa = PBXFileReference; lastKnownFileType = sourcecode.c.h; path = AppDelegate.h; sourceTree = "<group>"; };
		11C44CAC1E76FB38000ECEF0 /* AppDelegate.m */ = {isa = PBXFileReference; lastKnownFileType = sourcecode.c.objc; path = AppDelegate.m; sourceTree = "<group>"; };
		11C44CB21E76FB38000ECEF0 /* Base */ = {isa = PBXFileReference; lastKnownFileType = file.storyboard; name = Base; path = Base.lproj/Main.storyboard; sourceTree = "<group>"; };
		11C44CB51E76FB38000ECEF0 /* GithubUsersInfo.xcdatamodel */ = {isa = PBXFileReference; lastKnownFileType = wrapper.xcdatamodel; path = GithubUsersInfo.xcdatamodel; sourceTree = "<group>"; };
		11C44CB71E76FB38000ECEF0 /* Assets.xcassets */ = {isa = PBXFileReference; lastKnownFileType = folder.assetcatalog; path = Assets.xcassets; sourceTree = "<group>"; };
		11C44CBA1E76FB38000ECEF0 /* Base */ = {isa = PBXFileReference; lastKnownFileType = file.storyboard; name = Base; path = Base.lproj/LaunchScreen.storyboard; sourceTree = "<group>"; };
		11C44CBC1E76FB38000ECEF0 /* Info.plist */ = {isa = PBXFileReference; lastKnownFileType = text.plist.xml; path = Info.plist; sourceTree = "<group>"; };
		11C44CC21E772311000ECEF0 /* UsersTableViewController.h */ = {isa = PBXFileReference; fileEncoding = 4; lastKnownFileType = sourcecode.c.h; path = UsersTableViewController.h; sourceTree = "<group>"; };
		11C44CC31E772311000ECEF0 /* UsersTableViewController.m */ = {isa = PBXFileReference; fileEncoding = 4; lastKnownFileType = sourcecode.c.objc; path = UsersTableViewController.m; sourceTree = "<group>"; };
		11C44CC51E7726DA000ECEF0 /* GithubSessionManager.h */ = {isa = PBXFileReference; fileEncoding = 4; lastKnownFileType = sourcecode.c.h; path = GithubSessionManager.h; sourceTree = "<group>"; };
		11C44CC61E7726DA000ECEF0 /* GithubSessionManager.m */ = {isa = PBXFileReference; fileEncoding = 4; lastKnownFileType = sourcecode.c.objc; path = GithubSessionManager.m; sourceTree = "<group>"; };
		11C44CC81E77BEF5000ECEF0 /* GithubUser.h */ = {isa = PBXFileReference; fileEncoding = 4; lastKnownFileType = sourcecode.c.h; path = GithubUser.h; sourceTree = "<group>"; };
		11C44CC91E77BEF5000ECEF0 /* GithubUser.m */ = {isa = PBXFileReference; fileEncoding = 4; lastKnownFileType = sourcecode.c.objc; path = GithubUser.m; sourceTree = "<group>"; };
		11C44CCB1E77D1A1000ECEF0 /* UserTableViewCell.h */ = {isa = PBXFileReference; fileEncoding = 4; lastKnownFileType = sourcecode.c.h; path = UserTableViewCell.h; sourceTree = "<group>"; };
		11C44CCC1E77D1A1000ECEF0 /* UserTableViewCell.m */ = {isa = PBXFileReference; fileEncoding = 4; lastKnownFileType = sourcecode.c.objc; path = UserTableViewCell.m; sourceTree = "<group>"; };
		11C44CCE1E77ED29000ECEF0 /* UserDescriptionViewController.h */ = {isa = PBXFileReference; fileEncoding = 4; lastKnownFileType = sourcecode.c.h; path = UserDescriptionViewController.h; sourceTree = "<group>"; };
		11C44CCF1E77ED29000ECEF0 /* UserDescriptionViewController.m */ = {isa = PBXFileReference; fileEncoding = 4; lastKnownFileType = sourcecode.c.objc; path = UserDescriptionViewController.m; sourceTree = "<group>"; };
		11C44CD11E77FB3D000ECEF0 /* UserRepositoriesTableViewController.h */ = {isa = PBXFileReference; fileEncoding = 4; lastKnownFileType = sourcecode.c.h; path = UserRepositoriesTableViewController.h; sourceTree = "<group>"; };
		11C44CD21E77FB3D000ECEF0 /* UserRepositoriesTableViewController.m */ = {isa = PBXFileReference; fileEncoding = 4; lastKnownFileType = sourcecode.c.objc; path = UserRepositoriesTableViewController.m; sourceTree = "<group>"; };
		11C44CD41E781769000ECEF0 /* GithubRepository.h */ = {isa = PBXFileReference; fileEncoding = 4; lastKnownFileType = sourcecode.c.h; path = GithubRepository.h; sourceTree = "<group>"; };
		11C44CD51E781769000ECEF0 /* GithubRepository.m */ = {isa = PBXFileReference; fileEncoding = 4; lastKnownFileType = sourcecode.c.objc; path = GithubRepository.m; sourceTree = "<group>"; };
		11C44CD71E791DAC000ECEF0 /* UsersSearchTableViewController.h */ = {isa = PBXFileReference; fileEncoding = 4; lastKnownFileType = sourcecode.c.h; path = UsersSearchTableViewController.h; sourceTree = "<group>"; };
		11C44CD81E791DAC000ECEF0 /* UsersSearchTableViewController.m */ = {isa = PBXFileReference; fileEncoding = 4; lastKnownFileType = sourcecode.c.objc; path = UsersSearchTableViewController.m; sourceTree = "<group>"; };
		24B89B698FAC3F3BDC8D2634 /* libPods-GithubUsersInfo.a */ = {isa = PBXFileReference; explicitFileType = archive.ar; includeInIndex = 0; path = "libPods-GithubUsersInfo.a"; sourceTree = BUILT_PRODUCTS_DIR; };
		8FE77671805A9DBC345A7CC7 /* Pods-GithubUsersInfo.debug.xcconfig */ = {isa = PBXFileReference; includeInIndex = 1; lastKnownFileType = text.xcconfig; name = "Pods-GithubUsersInfo.debug.xcconfig"; path = "Pods/Target Support Files/Pods-GithubUsersInfo/Pods-GithubUsersInfo.debug.xcconfig"; sourceTree = "<group>"; };
		F57AF6F7229763E42308FC2E /* Pods-GithubUsersInfo.release.xcconfig */ = {isa = PBXFileReference; includeInIndex = 1; lastKnownFileType = text.xcconfig; name = "Pods-GithubUsersInfo.release.xcconfig"; path = "Pods/Target Support Files/Pods-GithubUsersInfo/Pods-GithubUsersInfo.release.xcconfig"; sourceTree = "<group>"; };
/* End PBXFileReference section */

/* Begin PBXFrameworksBuildPhase section */
		11C44CA21E76FB37000ECEF0 /* Frameworks */ = {
			isa = PBXFrameworksBuildPhase;
			buildActionMask = 2147483647;
			files = (
				95F9EEB31828546B47BA3501 /* libPods-GithubUsersInfo.a in Frameworks */,
			);
			runOnlyForDeploymentPostprocessing = 0;
		};
/* End PBXFrameworksBuildPhase section */

/* Begin PBXGroup section */
		11555A721E798AA20092E84B /* Controllers */ = {
			isa = PBXGroup;
			children = (
				11C44CD11E77FB3D000ECEF0 /* UserRepositoriesTableViewController.h */,
				11C44CD21E77FB3D000ECEF0 /* UserRepositoriesTableViewController.m */,
				11C44CCE1E77ED29000ECEF0 /* UserDescriptionViewController.h */,
				11C44CCF1E77ED29000ECEF0 /* UserDescriptionViewController.m */,
				11C44CD71E791DAC000ECEF0 /* UsersSearchTableViewController.h */,
				11C44CD81E791DAC000ECEF0 /* UsersSearchTableViewController.m */,
				11C44CC21E772311000ECEF0 /* UsersTableViewController.h */,
				11C44CC31E772311000ECEF0 /* UsersTableViewController.m */,
				11C44CC51E7726DA000ECEF0 /* GithubSessionManager.h */,
				11C44CC61E7726DA000ECEF0 /* GithubSessionManager.m */,
			);
			name = Controllers;
			sourceTree = "<group>";
		};
		11555A731E798AB50092E84B /* Views */ = {
			isa = PBXGroup;
			children = (
				11C44CB11E76FB38000ECEF0 /* Main.storyboard */,
				11C44CCB1E77D1A1000ECEF0 /* UserTableViewCell.h */,
				11C44CCC1E77D1A1000ECEF0 /* UserTableViewCell.m */,
			);
			name = Views;
			sourceTree = "<group>";
		};
		11555A741E798B290092E84B /* Model */ = {
			isa = PBXGroup;
			children = (
				11C44CC81E77BEF5000ECEF0 /* GithubUser.h */,
				11C44CC91E77BEF5000ECEF0 /* GithubUser.m */,
				11C44CD41E781769000ECEF0 /* GithubRepository.h */,
				11C44CD51E781769000ECEF0 /* GithubRepository.m */,
			);
			name = Model;
			sourceTree = "<group>";
		};
		11C44C9C1E76FB37000ECEF0 = {
			isa = PBXGroup;
			children = (
				11C44CA71E76FB38000ECEF0 /* GithubUsersInfo */,
				11C44CA61E76FB38000ECEF0 /* Products */,
				2FAA6F0CCECC84C85E80D3CE /* Pods */,
				47A64A8D3018F02CBD37B511 /* Frameworks */,
			);
			sourceTree = "<group>";
		};
		11C44CA61E76FB38000ECEF0 /* Products */ = {
			isa = PBXGroup;
			children = (
				11C44CA51E76FB38000ECEF0 /* GithubUsersInfo.app */,
			);
			name = Products;
			sourceTree = "<group>";
		};
		11C44CA71E76FB38000ECEF0 /* GithubUsersInfo */ = {
			isa = PBXGroup;
			children = (
				11555A721E798AA20092E84B /* Controllers */,
				11555A731E798AB50092E84B /* Views */,
				11555A741E798B290092E84B /* Model */,
				11C44CA81E76FB38000ECEF0 /* Supporting Files */,
			);
			path = GithubUsersInfo;
			sourceTree = "<group>";
		};
		11C44CA81E76FB38000ECEF0 /* Supporting Files */ = {
			isa = PBXGroup;
			children = (
				11C44CB71E76FB38000ECEF0 /* Assets.xcassets */,
				11C44CB91E76FB38000ECEF0 /* LaunchScreen.storyboard */,
				11C44CBC1E76FB38000ECEF0 /* Info.plist */,
				11C44CB41E76FB38000ECEF0 /* GithubUsersInfo.xcdatamodeld */,
				11C44CAB1E76FB38000ECEF0 /* AppDelegate.h */,
				11C44CAC1E76FB38000ECEF0 /* AppDelegate.m */,
				11C44CA91E76FB38000ECEF0 /* main.m */,
			);
			name = "Supporting Files";
			sourceTree = "<group>";
		};
		2FAA6F0CCECC84C85E80D3CE /* Pods */ = {
			isa = PBXGroup;
			children = (
				8FE77671805A9DBC345A7CC7 /* Pods-GithubUsersInfo.debug.xcconfig */,
				F57AF6F7229763E42308FC2E /* Pods-GithubUsersInfo.release.xcconfig */,
			);
			name = Pods;
			sourceTree = "<group>";
		};
		47A64A8D3018F02CBD37B511 /* Frameworks */ = {
			isa = PBXGroup;
			children = (
				24B89B698FAC3F3BDC8D2634 /* libPods-GithubUsersInfo.a */,
			);
			name = Frameworks;
			sourceTree = "<group>";
		};
/* End PBXGroup section */

/* Begin PBXNativeTarget section */
		11C44CA41E76FB37000ECEF0 /* GithubUsersInfo */ = {
			isa = PBXNativeTarget;
			buildConfigurationList = 11C44CBF1E76FB38000ECEF0 /* Build configuration list for PBXNativeTarget "GithubUsersInfo" */;
			buildPhases = (
				380F1E1328F5669815AA81D1 /* [CP] Check Pods Manifest.lock */,
				11C44CA11E76FB37000ECEF0 /* Sources */,
				11C44CA21E76FB37000ECEF0 /* Frameworks */,
				11C44CA31E76FB37000ECEF0 /* Resources */,
				D3B80A5907B00B9314FB383D /* [CP] Embed Pods Frameworks */,
				321CB5D9D6D2C684A6497D35 /* [CP] Copy Pods Resources */,
			);
			buildRules = (
			);
			dependencies = (
			);
			name = GithubUsersInfo;
			productName = GithubUsersInfo;
			productReference = 11C44CA51E76FB38000ECEF0 /* GithubUsersInfo.app */;
			productType = "com.apple.product-type.application";
		};
/* End PBXNativeTarget section */

/* Begin PBXProject section */
		11C44C9D1E76FB37000ECEF0 /* Project object */ = {
			isa = PBXProject;
			attributes = {
				LastUpgradeCheck = 0820;
				ORGANIZATIONNAME = AlexanderStepanishin;
				TargetAttributes = {
					11C44CA41E76FB37000ECEF0 = {
						CreatedOnToolsVersion = 8.2.1;
						ProvisioningStyle = Automatic;
					};
				};
			};
			buildConfigurationList = 11C44CA01E76FB37000ECEF0 /* Build configuration list for PBXProject "GithubUsersInfo" */;
			compatibilityVersion = "Xcode 3.2";
			developmentRegion = English;
			hasScannedForEncodings = 0;
			knownRegions = (
				en,
				Base,
			);
			mainGroup = 11C44C9C1E76FB37000ECEF0;
			productRefGroup = 11C44CA61E76FB38000ECEF0 /* Products */;
			projectDirPath = "";
			projectRoot = "";
			targets = (
				11C44CA41E76FB37000ECEF0 /* GithubUsersInfo */,
			);
		};
/* End PBXProject section */

/* Begin PBXResourcesBuildPhase section */
		11C44CA31E76FB37000ECEF0 /* Resources */ = {
			isa = PBXResourcesBuildPhase;
			buildActionMask = 2147483647;
			files = (
				11C44CBB1E76FB38000ECEF0 /* LaunchScreen.storyboard in Resources */,
				11C44CB81E76FB38000ECEF0 /* Assets.xcassets in Resources */,
				11C44CB31E76FB38000ECEF0 /* Main.storyboard in Resources */,
			);
			runOnlyForDeploymentPostprocessing = 0;
		};
/* End PBXResourcesBuildPhase section */

/* Begin PBXShellScriptBuildPhase section */
		321CB5D9D6D2C684A6497D35 /* [CP] Copy Pods Resources */ = {
			isa = PBXShellScriptBuildPhase;
			buildActionMask = 2147483647;
			files = (
			);
			inputPaths = (
			);
			name = "[CP] Copy Pods Resources";
			outputPaths = (
			);
			runOnlyForDeploymentPostprocessing = 0;
			shellPath = /bin/sh;
			shellScript = "\"${SRCROOT}/Pods/Target Support Files/Pods-GithubUsersInfo/Pods-GithubUsersInfo-resources.sh\"\n";
			showEnvVarsInLog = 0;
		};
		380F1E1328F5669815AA81D1 /* [CP] Check Pods Manifest.lock */ = {
			isa = PBXShellScriptBuildPhase;
			buildActionMask = 2147483647;
			files = (
			);
			inputPaths = (
			);
			name = "[CP] Check Pods Manifest.lock";
			outputPaths = (
			);
			runOnlyForDeploymentPostprocessing = 0;
			shellPath = /bin/sh;
			shellScript = "diff \"${PODS_ROOT}/../Podfile.lock\" \"${PODS_ROOT}/Manifest.lock\" > /dev/null\nif [ $? != 0 ] ; then\n    # print error to STDERR\n    echo \"error: The sandbox is not in sync with the Podfile.lock. Run 'pod install' or update your CocoaPods installation.\" >&2\n    exit 1\nfi\n";
			showEnvVarsInLog = 0;
		};
		D3B80A5907B00B9314FB383D /* [CP] Embed Pods Frameworks */ = {
			isa = PBXShellScriptBuildPhase;
			buildActionMask = 2147483647;
			files = (
			);
			inputPaths = (
			);
			name = "[CP] Embed Pods Frameworks";
			outputPaths = (
			);
			runOnlyForDeploymentPostprocessing = 0;
			shellPath = /bin/sh;
			shellScript = "\"${SRCROOT}/Pods/Target Support Files/Pods-GithubUsersInfo/Pods-GithubUsersInfo-frameworks.sh\"\n";
			showEnvVarsInLog = 0;
		};
/* End PBXShellScriptBuildPhase section */

/* Begin PBXSourcesBuildPhase section */
		11C44CA11E76FB37000ECEF0 /* Sources */ = {
			isa = PBXSourcesBuildPhase;
			buildActionMask = 2147483647;
			files = (
				11C44CCD1E77D1A1000ECEF0 /* UserTableViewCell.m in Sources */,
				11C44CB61E76FB38000ECEF0 /* GithubUsersInfo.xcdatamodeld in Sources */,
				11C44CD31E77FB3D000ECEF0 /* UserRepositoriesTableViewController.m in Sources */,
				11C44CAD1E76FB38000ECEF0 /* AppDelegate.m in Sources */,
				11C44CC41E772311000ECEF0 /* UsersTableViewController.m in Sources */,
				11C44CD91E791DAC000ECEF0 /* UsersSearchTableViewController.m in Sources */,
				11C44CD01E77ED29000ECEF0 /* UserDescriptionViewController.m in Sources */,
				11C44CD61E781769000ECEF0 /* GithubRepository.m in Sources */,
				11C44CAA1E76FB38000ECEF0 /* main.m in Sources */,
				11C44CC71E7726DA000ECEF0 /* GithubSessionManager.m in Sources */,
				11C44CCA1E77BEF5000ECEF0 /* GithubUser.m in Sources */,
			);
			runOnlyForDeploymentPostprocessing = 0;
		};
/* End PBXSourcesBuildPhase section */

/* Begin PBXVariantGroup section */
		11C44CB11E76FB38000ECEF0 /* Main.storyboard */ = {
			isa = PBXVariantGroup;
			children = (
				11C44CB21E76FB38000ECEF0 /* Base */,
			);
			name = Main.storyboard;
			sourceTree = "<group>";
		};
		11C44CB91E76FB38000ECEF0 /* LaunchScreen.storyboard */ = {
			isa = PBXVariantGroup;
			children = (
				11C44CBA1E76FB38000ECEF0 /* Base */,
			);
			name = LaunchScreen.storyboard;
			sourceTree = "<group>";
		};
/* End PBXVariantGroup section */

/* Begin XCBuildConfiguration section */
		11C44CBD1E76FB38000ECEF0 /* Debug */ = {
			isa = XCBuildConfiguration;
			buildSettings = {
				ALWAYS_SEARCH_USER_PATHS = NO;
				CLANG_ANALYZER_NONNULL = YES;
				CLANG_CXX_LANGUAGE_STANDARD = "gnu++0x";
				CLANG_CXX_LIBRARY = "libc++";
				CLANG_ENABLE_MODULES = YES;
				CLANG_ENABLE_OBJC_ARC = YES;
				CLANG_WARN_BOOL_CONVERSION = YES;
				CLANG_WARN_CONSTANT_CONVERSION = YES;
				CLANG_WARN_DIRECT_OBJC_ISA_USAGE = YES_ERROR;
				CLANG_WARN_DOCUMENTATION_COMMENTS = YES;
				CLANG_WARN_EMPTY_BODY = YES;
				CLANG_WARN_ENUM_CONVERSION = YES;
				CLANG_WARN_INFINITE_RECURSION = YES;
				CLANG_WARN_INT_CONVERSION = YES;
				CLANG_WARN_OBJC_ROOT_CLASS = YES_ERROR;
				CLANG_WARN_SUSPICIOUS_MOVE = YES;
				CLANG_WARN_UNREACHABLE_CODE = YES;
				CLANG_WARN__DUPLICATE_METHOD_MATCH = YES;
				"CODE_SIGN_IDENTITY[sdk=iphoneos*]" = "iPhone Developer";
				COPY_PHASE_STRIP = NO;
				DEBUG_INFORMATION_FORMAT = dwarf;
				ENABLE_STRICT_OBJC_MSGSEND = YES;
				ENABLE_TESTABILITY = YES;
				GCC_C_LANGUAGE_STANDARD = gnu99;
				GCC_DYNAMIC_NO_PIC = NO;
				GCC_NO_COMMON_BLOCKS = YES;
				GCC_OPTIMIZATION_LEVEL = 0;
				GCC_PREPROCESSOR_DEFINITIONS = (
					"DEBUG=1",
					"$(inherited)",
				);
				GCC_WARN_64_TO_32_BIT_CONVERSION = YES;
				GCC_WARN_ABOUT_RETURN_TYPE = YES_ERROR;
				GCC_WARN_UNDECLARED_SELECTOR = YES;
				GCC_WARN_UNINITIALIZED_AUTOS = YES_AGGRESSIVE;
				GCC_WARN_UNUSED_FUNCTION = YES;
				GCC_WARN_UNUSED_VARIABLE = YES;
				IPHONEOS_DEPLOYMENT_TARGET = 10.2;
				MTL_ENABLE_DEBUG_INFO = YES;
				ONLY_ACTIVE_ARCH = YES;
				SDKROOT = iphoneos;
			};
			name = Debug;
		};
		11C44CBE1E76FB38000ECEF0 /* Release */ = {
			isa = XCBuildConfiguration;
			buildSettings = {
				ALWAYS_SEARCH_USER_PATHS = NO;
				CLANG_ANALYZER_NONNULL = YES;
				CLANG_CXX_LANGUAGE_STANDARD = "gnu++0x";
				CLANG_CXX_LIBRARY = "libc++";
				CLANG_ENABLE_MODULES = YES;
				CLANG_ENABLE_OBJC_ARC = YES;
				CLANG_WARN_BOOL_CONVERSION = YES;
				CLANG_WARN_CONSTANT_CONVERSION = YES;
				CLANG_WARN_DIRECT_OBJC_ISA_USAGE = YES_ERROR;
				CLANG_WARN_DOCUMENTATION_COMMENTS = YES;
				CLANG_WARN_EMPTY_BODY = YES;
				CLANG_WARN_ENUM_CONVERSION = YES;
				CLANG_WARN_INFINITE_RECURSION = YES;
				CLANG_WARN_INT_CONVERSION = YES;
				CLANG_WARN_OBJC_ROOT_CLASS = YES_ERROR;
				CLANG_WARN_SUSPICIOUS_MOVE = YES;
				CLANG_WARN_UNREACHABLE_CODE = YES;
				CLANG_WARN__DUPLICATE_METHOD_MATCH = YES;
				"CODE_SIGN_IDENTITY[sdk=iphoneos*]" = "iPhone Developer";
				COPY_PHASE_STRIP = NO;
				DEBUG_INFORMATION_FORMAT = "dwarf-with-dsym";
				ENABLE_NS_ASSERTIONS = NO;
				ENABLE_STRICT_OBJC_MSGSEND = YES;
				GCC_C_LANGUAGE_STANDARD = gnu99;
				GCC_NO_COMMON_BLOCKS = YES;
				GCC_WARN_64_TO_32_BIT_CONVERSION = YES;
				GCC_WARN_ABOUT_RETURN_TYPE = YES_ERROR;
				GCC_WARN_UNDECLARED_SELECTOR = YES;
				GCC_WARN_UNINITIALIZED_AUTOS = YES_AGGRESSIVE;
				GCC_WARN_UNUSED_FUNCTION = YES;
				GCC_WARN_UNUSED_VARIABLE = YES;
				IPHONEOS_DEPLOYMENT_TARGET = 10.2;
				MTL_ENABLE_DEBUG_INFO = NO;
				SDKROOT = iphoneos;
				VALIDATE_PRODUCT = YES;
			};
			name = Release;
		};
		11C44CC01E76FB38000ECEF0 /* Debug */ = {
			isa = XCBuildConfiguration;
			baseConfigurationReference = 8FE77671805A9DBC345A7CC7 /* Pods-GithubUsersInfo.debug.xcconfig */;
			buildSettings = {
				ASSETCATALOG_COMPILER_APPICON_NAME = AppIcon;
				INFOPLIST_FILE = GithubUsersInfo/Info.plist;
				LD_RUNPATH_SEARCH_PATHS = "$(inherited) @executable_path/Frameworks";
				PRODUCT_BUNDLE_IDENTIFIER = com.AlexanderStepanishin.GithubUsersInfo;
				PRODUCT_NAME = "$(TARGET_NAME)";
			};
			name = Debug;
		};
		11C44CC11E76FB38000ECEF0 /* Release */ = {
			isa = XCBuildConfiguration;
			baseConfigurationReference = F57AF6F7229763E42308FC2E /* Pods-GithubUsersInfo.release.xcconfig */;
			buildSettings = {
				ASSETCATALOG_COMPILER_APPICON_NAME = AppIcon;
				INFOPLIST_FILE = GithubUsersInfo/Info.plist;
				LD_RUNPATH_SEARCH_PATHS = "$(inherited) @executable_path/Frameworks";
				PRODUCT_BUNDLE_IDENTIFIER = com.AlexanderStepanishin.GithubUsersInfo;
				PRODUCT_NAME = "$(TARGET_NAME)";
			};
			name = Release;
		};
/* End XCBuildConfiguration section */

/* Begin XCConfigurationList section */
		11C44CA01E76FB37000ECEF0 /* Build configuration list for PBXProject "GithubUsersInfo" */ = {
			isa = XCConfigurationList;
			buildConfigurations = (
				11C44CBD1E76FB38000ECEF0 /* Debug */,
				11C44CBE1E76FB38000ECEF0 /* Release */,
			);
			defaultConfigurationIsVisible = 0;
			defaultConfigurationName = Release;
		};
		11C44CBF1E76FB38000ECEF0 /* Build configuration list for PBXNativeTarget "GithubUsersInfo" */ = {
			isa = XCConfigurationList;
			buildConfigurations = (
				11C44CC01E76FB38000ECEF0 /* Debug */,
				11C44CC11E76FB38000ECEF0 /* Release */,
			);
			defaultConfigurationIsVisible = 0;
			defaultConfigurationName = Release;
		};
/* End XCConfigurationList section */

/* Begin XCVersionGroup section */
		11C44CB41E76FB38000ECEF0 /* GithubUsersInfo.xcdatamodeld */ = {
			isa = XCVersionGroup;
			children = (
				11C44CB51E76FB38000ECEF0 /* GithubUsersInfo.xcdatamodel */,
			);
			currentVersion = 11C44CB51E76FB38000ECEF0 /* GithubUsersInfo.xcdatamodel */;
			path = GithubUsersInfo.xcdatamodeld;
			sourceTree = "<group>";
			versionGroupType = wrapper.xcdatamodel;
		};
/* End XCVersionGroup section */
	};
	rootObject = 11C44C9D1E76FB37000ECEF0 /* Project object */;
}
